
Microsoft Visual Studio Solution File, Format Version 12.00
# Visual Studio 15
VisualStudioVersion = 15.0.27428.2037
MinimumVisualStudioVersion = 10.0.40219.1
Project("{FAE04EC0-301F-11D3-BF4B-00C04F79EFBC}") = "FinalProject", "FinalProject\FinalProject.csproj", "{B010DC84-FDE3-406B-BEFC-2A2A521A182A}"
EndProject
Global
	GlobalSection(SolutionConfigurationPlatforms) = preSolution
		Debug|Any CPU = Debug|Any CPU
		Release|Any CPU = Release|Any CPU
	EndGlobalSection
	GlobalSection(ProjectConfigurationPlatforms) = postSolution
		{B010DC84-FDE3-406B-BEFC-2A2A521A182A}.Debug|Any CPU.ActiveCfg = Debug|Any CPU
		{B010DC84-FDE3-406B-BEFC-2A2A521A182A}.Debug|Any CPU.Build.0 = Debug|Any CPU
		{B010DC84-FDE3-406B-BEFC-2A2A521A182A}.Release|Any CPU.ActiveCfg = Release|Any CPU
		{B010DC84-FDE3-406B-BEFC-2A2A521A182A}.Release|Any CPU.Build.0 = Release|Any CPU
	EndGlobalSection
	GlobalSection(SolutionProperties) = preSolution
		HideSolutionNode = FALSE
	EndGlobalSection
	GlobalSection(ExtensibilityGlobals) = postSolution
		SolutionGuid = {4E67DD94-0F27-4866-B9BE-E3A5F938A2AC}
	EndGlobalSection
EndGlobal
